
Microsoft Visual Studio Solution File, Format Version 12.00
# Visual Studio 14
VisualStudioVersion = 14.0.25420.1
MinimumVisualStudioVersion = 10.0.40219.1
Project("{F184B08F-C81C-45F6-A57F-5ABD9991F28F}") = "ADTools", "ADTools\ADTools.vbproj", "{ACEA8A09-9E83-4BFD-BB5B-3E2DDED1CFFE}"
EndProject
Project("{F184B08F-C81C-45F6-A57F-5ABD9991F28F}") = "ADToolsTelegramBot", "ADToolsTelegramBot\ADToolsTelegramBot.vbproj", "{A5B5AA70-8BA4-439F-B045-EEA32084C431}"
EndProject
Global
	GlobalSection(SolutionConfigurationPlatforms) = preSolution
		Debug|Any CPU = Debug|Any CPU
		Release|Any CPU = Release|Any CPU
	EndGlobalSection
	GlobalSection(ProjectConfigurationPlatforms) = postSolution
		{ACEA8A09-9E83-4BFD-BB5B-3E2DDED1CFFE}.Debug|Any CPU.ActiveCfg = Debug|Any CPU
		{ACEA8A09-9E83-4BFD-BB5B-3E2DDED1CFFE}.Debug|Any CPU.Build.0 = Debug|Any CPU
		{ACEA8A09-9E83-4BFD-BB5B-3E2DDED1CFFE}.Release|Any CPU.ActiveCfg = Release|Any CPU
		{ACEA8A09-9E83-4BFD-BB5B-3E2DDED1CFFE}.Release|Any CPU.Build.0 = Release|Any CPU
		{A5B5AA70-8BA4-439F-B045-EEA32084C431}.Debug|Any CPU.ActiveCfg = Debug|Any CPU
		{A5B5AA70-8BA4-439F-B045-EEA32084C431}.Debug|Any CPU.Build.0 = Debug|Any CPU
		{A5B5AA70-8BA4-439F-B045-EEA32084C431}.Release|Any CPU.ActiveCfg = Release|Any CPU
		{A5B5AA70-8BA4-439F-B045-EEA32084C431}.Release|Any CPU.Build.0 = Release|Any CPU
	EndGlobalSection
	GlobalSection(SolutionProperties) = preSolution
		HideSolutionNode = FALSE
	EndGlobalSection
EndGlobal
